
Microsoft Visual Studio Solution File, Format Version 11.00
# Visual Studio 2010
Project("{FAE04EC0-301F-11D3-BF4B-00C04F79EFBC}") = "Unity2017-Simple-Demo", "Assembly-CSharp.csproj", "{E50A04B3-3040-F881-DE1A-4DC4630D1AA6}"
EndProject
Global
	GlobalSection(SolutionConfigurationPlatforms) = preSolution
		Debug|Any CPU = Debug|Any CPU
		Release|Any CPU = Release|Any CPU
	EndGlobalSection
	GlobalSection(ProjectConfigurationPlatforms) = postSolution
		{E50A04B3-3040-F881-DE1A-4DC4630D1AA6}.Debug|Any CPU.ActiveCfg = Debug|Any CPU
		{E50A04B3-3040-F881-DE1A-4DC4630D1AA6}.Debug|Any CPU.Build.0 = Debug|Any CPU
		{E50A04B3-3040-F881-DE1A-4DC4630D1AA6}.Release|Any CPU.ActiveCfg = Release|Any CPU
		{E50A04B3-3040-F881-DE1A-4DC4630D1AA6}.Release|Any CPU.Build.0 = Release|Any CPU
	EndGlobalSection
	GlobalSection(SolutionProperties) = preSolution
		HideSolutionNode = FALSE
	EndGlobalSection
	GlobalSection(MonoDevelopProperties) = preSolution
		StartupItem = Assembly-CSharp.csproj
	EndGlobalSection
EndGlobal
